PODS:
  - SwiftKVC (1.0.0)

DEPENDENCIES:
  - SwiftKVC (from `https://github.com/bradhilton/SwiftKVC.git`)

EXTERNAL SOURCES:
  SwiftKVC:
    :git: https://github.com/bradhilton/SwiftKVC.git

CHECKOUT OPTIONS:
  SwiftKVC:
    :commit: 7284344fc98953e2ff3efe48871860ef96db5bce
    :git: https://github.com/bradhilton/SwiftKVC.git

SPEC CHECKSUMS:
  SwiftKVC: ceeae9bd382506ac2e95d22bc04dcdcf759c9f9a

COCOAPODS: 0.38.0
